
Microsoft Visual Studio Solution File, Format Version 12.00
# Visual Studio 14
VisualStudioVersion = 14.0.24720.0
MinimumVisualStudioVersion = 10.0.40219.1
Project("{FAE04EC0-301F-11D3-BF4B-00C04F79EFBC}") = "Информационно-справочная система", "Информационно-справочная система\Информационно-справочная система.csproj", "{4094B501-620D-4C60-97E5-5BCEC576A890}"
EndProject
Project("{FAE04EC0-301F-11D3-BF4B-00C04F79EFBC}") = "ClassLibrary", "ClassLibrary\ClassLibrary.csproj", "{2E1D49F1-7E24-4A2A-ACE9-88D8AF58EF94}"
EndProject
Global
	GlobalSection(SolutionConfigurationPlatforms) = preSolution
		Debug|Any CPU = Debug|Any CPU
		Release|Any CPU = Release|Any CPU
	EndGlobalSection
	GlobalSection(ProjectConfigurationPlatforms) = postSolution
		{4094B501-620D-4C60-97E5-5BCEC576A890}.Debug|Any CPU.ActiveCfg = Debug|Any CPU
		{4094B501-620D-4C60-97E5-5BCEC576A890}.Debug|Any CPU.Build.0 = Debug|Any CPU
		{4094B501-620D-4C60-97E5-5BCEC576A890}.Release|Any CPU.ActiveCfg = Release|Any CPU
		{4094B501-620D-4C60-97E5-5BCEC576A890}.Release|Any CPU.Build.0 = Release|Any CPU
		{2E1D49F1-7E24-4A2A-ACE9-88D8AF58EF94}.Debug|Any CPU.ActiveCfg = Debug|Any CPU
		{2E1D49F1-7E24-4A2A-ACE9-88D8AF58EF94}.Debug|Any CPU.Build.0 = Debug|Any CPU
		{2E1D49F1-7E24-4A2A-ACE9-88D8AF58EF94}.Release|Any CPU.ActiveCfg = Release|Any CPU
		{2E1D49F1-7E24-4A2A-ACE9-88D8AF58EF94}.Release|Any CPU.Build.0 = Release|Any CPU
	EndGlobalSection
	GlobalSection(SolutionProperties) = preSolution
		HideSolutionNode = FALSE
	EndGlobalSection
EndGlobal
